# THIS IS AN AUTOGENERATED FILE. DO NOT EDIT THIS FILE DIRECTLY.
# yarn lockfile v1


"@fullcalendar/core@^6.1.17":
  version "6.1.17"
  resolved "https://registry.yarnpkg.com/@fullcalendar/core/-/core-6.1.17.tgz#faaffa100f020636a9b4c900462bdc6d652b58ef"
  integrity sha512-0W7lnIrv18ruJ5zeWBeNZXO8qCWlzxDdp9COFEsZnyNjiEhUVnrW/dPbjRKYpL0edGG0/Lhs0ghp1z/5ekt8ZA==
  dependencies:
    preact "~10.12.1"

"@fullcalendar/daygrid@^6.1.17":
  version "6.1.17"
  resolved "https://registry.yarnpkg.com/@fullcalendar/daygrid/-/daygrid-6.1.17.tgz#3ff9d8d99da872631b661bf9ca5a47ed849421cf"
  integrity sha512-K7m+pd7oVJ9fW4h7CLDdDGJbc9szJ1xDU1DZ2ag+7oOo1aCNLv44CehzkkknM6r8EYlOOhgaelxQpKAI4glj7A==

"@fullcalendar/interaction@^6.1.17":
  version "6.1.17"
  resolved "https://registry.yarnpkg.com/@fullcalendar/interaction/-/interaction-6.1.17.tgz#f0d14cb6f6c3cb7e2b20299dfb39a866232e2976"
  integrity sha512-AudvQvgmJP2FU89wpSulUUjeWv24SuyCx8FzH2WIPVaYg+vDGGYarI7K6PcM3TH7B/CyaBjm5Rqw9lXgnwt5YA==

preact@~10.12.1:
  version "10.12.1"
  resolved "https://registry.yarnpkg.com/preact/-/preact-10.12.1.tgz#8f9cb5442f560e532729b7d23d42fd1161354a21"
  integrity sha512-l8386ixSsBdbreOAkqtrwqHwdvR35ID8c3rKPa8lCWuO86dBi32QWHV4vfsZK1utLLFMvw+Z5Ad4XLkZzchscg==
